
Microsoft Visual Studio Solution File, Format Version 12.00
# Visual Studio Version 17
VisualStudioVersion = 17.9.34607.119
MinimumVisualStudioVersion = 10.0.40219.1
Project("{FAE04EC0-301F-11D3-BF4B-00C04F79EFBC}") = "Group 8_Bianca's Apostles", "Group 8_Bianca's Apostles\Group 8_Bianca's Apostles.csproj", "{1DEE7654-3299-4C6D-A4A7-8DB68C6FECE3}"
EndProject
Global
	GlobalSection(SolutionConfigurationPlatforms) = preSolution
		Debug|Any CPU = Debug|Any CPU
		Release|Any CPU = Release|Any CPU
	EndGlobalSection
	GlobalSection(ProjectConfigurationPlatforms) = postSolution
		{1DEE7654-3299-4C6D-A4A7-8DB68C6FECE3}.Debug|Any CPU.ActiveCfg = Debug|Any CPU
		{1DEE7654-3299-4C6D-A4A7-8DB68C6FECE3}.Debug|Any CPU.Build.0 = Debug|Any CPU
		{1DEE7654-3299-4C6D-A4A7-8DB68C6FECE3}.Release|Any CPU.ActiveCfg = Release|Any CPU
		{1DEE7654-3299-4C6D-A4A7-8DB68C6FECE3}.Release|Any CPU.Build.0 = Release|Any CPU
	EndGlobalSection
	GlobalSection(SolutionProperties) = preSolution
		HideSolutionNode = FALSE
	EndGlobalSection
	GlobalSection(ExtensibilityGlobals) = postSolution
		SolutionGuid = {F4C197F2-F5F1-4EE4-9272-671817830FB6}
	EndGlobalSection
EndGlobal
